
Microsoft Visual Studio Solution File, Format Version 12.00
# Visual Studio Version 17
VisualStudioVersion = 17.9.34714.143
MinimumVisualStudioVersion = 10.0.40219.1
Project("{9A19103F-16F7-4668-BE54-9A1E7A4F7556}") = "prjMSIT158API8", "prjMSIT158API8\prjMSIT158API8.csproj", "{1D08B26F-583B-4E5E-8959-FA5F949DDB8E}"
EndProject
Project("{9A19103F-16F7-4668-BE54-9A1E7A4F7556}") = "prjAjaxDemo", "..\slnAjaxDemo\prjAjaxDemo\prjAjaxDemo.csproj", "{8EF11C74-83E0-43FC-BC26-6063CC6DEB5B}"
EndProject
Global
	GlobalSection(SolutionConfigurationPlatforms) = preSolution
		Debug|Any CPU = Debug|Any CPU
		Release|Any CPU = Release|Any CPU
	EndGlobalSection
	GlobalSection(ProjectConfigurationPlatforms) = postSolution
		{1D08B26F-583B-4E5E-8959-FA5F949DDB8E}.Debug|Any CPU.ActiveCfg = Debug|Any CPU
		{1D08B26F-583B-4E5E-8959-FA5F949DDB8E}.Debug|Any CPU.Build.0 = Debug|Any CPU
		{1D08B26F-583B-4E5E-8959-FA5F949DDB8E}.Release|Any CPU.ActiveCfg = Release|Any CPU
		{1D08B26F-583B-4E5E-8959-FA5F949DDB8E}.Release|Any CPU.Build.0 = Release|Any CPU
		{8EF11C74-83E0-43FC-BC26-6063CC6DEB5B}.Debug|Any CPU.ActiveCfg = Debug|Any CPU
		{8EF11C74-83E0-43FC-BC26-6063CC6DEB5B}.Debug|Any CPU.Build.0 = Debug|Any CPU
		{8EF11C74-83E0-43FC-BC26-6063CC6DEB5B}.Release|Any CPU.ActiveCfg = Release|Any CPU
		{8EF11C74-83E0-43FC-BC26-6063CC6DEB5B}.Release|Any CPU.Build.0 = Release|Any CPU
	EndGlobalSection
	GlobalSection(SolutionProperties) = preSolution
		HideSolutionNode = FALSE
	EndGlobalSection
	GlobalSection(ExtensibilityGlobals) = postSolution
		SolutionGuid = {EFFB52FA-6D27-4237-9E34-C1FED6B1BA7D}
	EndGlobalSection
EndGlobal
